
Microsoft Visual Studio Solution File, Format Version 12.00
# Visual Studio Version 18
VisualStudioVersion = 18.2.11408.102 d18.0
MinimumVisualStudioVersion = 10.0.40219.1
Project("{2150E333-8FDC-42A3-9474-1A3956D46DE8}") = "docs", "docs", "{2C854FF8-EFCF-4411-AD4B-2803A3DA97CD}"
	ProjectSection(SolutionItems) = preProject
		docs\API_SPECIFICATION.md = docs\API_SPECIFICATION.md
		docs\CODING_STANDARDS.md = docs\CODING_STANDARDS.md
		docs\DATABASE_SCHEMA.md = docs\DATABASE_SCHEMA.md
		docs\DEPLOYMENT_GUIDE.md = docs\DEPLOYMENT_GUIDE.md
		docs\PROJECT_CHARTER.md = docs\PROJECT_CHARTER.md
		docs\REQUIREMENTS.md = docs\REQUIREMENTS.md
		docs\SECURITY_GUIDELINES.md = docs\SECURITY_GUIDELINES.md
		docs\TECHNICAL_ARCHITECTURE.md = docs\TECHNICAL_ARCHITECTURE.md
		docs\TESTING_STRATEGY.md = docs\TESTING_STRATEGY.md
		TextFile1.txt = TextFile1.txt
		docs\UI_UX_GUIDELINES.md = docs\UI_UX_GUIDELINES.md
	EndProjectSection
EndProject
Project("{2150E333-8FDC-42A3-9474-1A3956D46DE8}") = "adr", "adr", "{A1B2C3D4-E5F6-7890-ABCD-EF1234567891}"
	ProjectSection(SolutionItems) = preProject
		docs\adr\0001-architecture-overview.md = docs\adr\0001-architecture-overview.md
	EndProjectSection
EndProject
Project("{2150E333-8FDC-42A3-9474-1A3956D46DE8}") = "src", "src", "{827E0CD3-B72D-47B6-A68D-7590B98EB39B}"
EndProject
Project("{FAE04EC0-301F-11D3-BF4B-00C04F79EFBC}") = "FestGuide.Domain", "src\FestGuide.Domain\FestGuide.Domain.csproj", "{295DC3C5-0CCB-4E90-AB85-ED7EFC78F000}"
EndProject
Project("{FAE04EC0-301F-11D3-BF4B-00C04F79EFBC}") = "FestGuide.DataAccess.Abstractions", "src\FestGuide.DataAccess.Abstractions\FestGuide.DataAccess.Abstractions.csproj", "{DF7B3FA7-8F38-41BA-AE49-C16E94609E8D}"
EndProject
Project("{FAE04EC0-301F-11D3-BF4B-00C04F79EFBC}") = "FestGuide.Security", "src\FestGuide.Security\FestGuide.Security.csproj", "{A5F0EE49-1509-43AD-A39A-9DDFF85AD32D}"
EndProject
Project("{FAE04EC0-301F-11D3-BF4B-00C04F79EFBC}") = "FestGuide.Infrastructure", "src\FestGuide.Infrastructure\FestGuide.Infrastructure.csproj", "{C52DE4C8-6A8B-4918-AA55-E2A0B570386B}"
EndProject
Project("{FAE04EC0-301F-11D3-BF4B-00C04F79EFBC}") = "FestGuide.Application", "src\FestGuide.Application\FestGuide.Application.csproj", "{50D577A2-DC9A-433A-86F1-7D5DC0189DA0}"
EndProject
Project("{FAE04EC0-301F-11D3-BF4B-00C04F79EFBC}") = "FestGuide.DataAccess", "src\FestGuide.DataAccess\FestGuide.DataAccess.csproj", "{39B63DAC-217E-4EA0-A768-8D199B5E03BA}"
EndProject
Project("{FAE04EC0-301F-11D3-BF4B-00C04F79EFBC}") = "FestGuide.Api", "src\FestGuide.Api\FestGuide.Api.csproj", "{D586D016-B802-4E04-AF06-D5AC9FCFF12B}"
EndProject
Project("{2150E333-8FDC-42A3-9474-1A3956D46DE8}") = "tests", "tests", "{0AB3BF05-4346-4AA6-1389-037BE0695223}"
EndProject
Project("{FAE04EC0-301F-11D3-BF4B-00C04F79EFBC}") = "FestGuide.Application.Tests", "tests\FestGuide.Application.Tests\FestGuide.Application.Tests.csproj", "{948359F5-3CCC-4FF8-BAE1-1D04EC67FAF9}"
EndProject
Project("{FAE04EC0-301F-11D3-BF4B-00C04F79EFBC}") = "FestGuide.Api.Tests", "tests\FestGuide.Api.Tests\FestGuide.Api.Tests.csproj", "{425156DE-9FBE-475D-818D-E17EE8B394D3}"
EndProject
Global
	GlobalSection(SolutionConfigurationPlatforms) = preSolution
		Debug|Any CPU = Debug|Any CPU
		Debug|x64 = Debug|x64
		Debug|x86 = Debug|x86
		Release|Any CPU = Release|Any CPU
		Release|x64 = Release|x64
		Release|x86 = Release|x86
	EndGlobalSection
	GlobalSection(ProjectConfigurationPlatforms) = postSolution
		{295DC3C5-0CCB-4E90-AB85-ED7EFC78F000}.Debug|Any CPU.ActiveCfg = Debug|Any CPU
		{295DC3C5-0CCB-4E90-AB85-ED7EFC78F000}.Debug|Any CPU.Build.0 = Debug|Any CPU
		{295DC3C5-0CCB-4E90-AB85-ED7EFC78F000}.Debug|x64.ActiveCfg = Debug|Any CPU
		{295DC3C5-0CCB-4E90-AB85-ED7EFC78F000}.Debug|x64.Build.0 = Debug|Any CPU
		{295DC3C5-0CCB-4E90-AB85-ED7EFC78F000}.Debug|x86.ActiveCfg = Debug|Any CPU
		{295DC3C5-0CCB-4E90-AB85-ED7EFC78F000}.Debug|x86.Build.0 = Debug|Any CPU
		{295DC3C5-0CCB-4E90-AB85-ED7EFC78F000}.Release|Any CPU.ActiveCfg = Release|Any CPU
		{295DC3C5-0CCB-4E90-AB85-ED7EFC78F000}.Release|Any CPU.Build.0 = Release|Any CPU
		{295DC3C5-0CCB-4E90-AB85-ED7EFC78F000}.Release|x64.ActiveCfg = Release|Any CPU
		{295DC3C5-0CCB-4E90-AB85-ED7EFC78F000}.Release|x64.Build.0 = Release|Any CPU
		{295DC3C5-0CCB-4E90-AB85-ED7EFC78F000}.Release|x86.ActiveCfg = Release|Any CPU
		{295DC3C5-0CCB-4E90-AB85-ED7EFC78F000}.Release|x86.Build.0 = Release|Any CPU
		{DF7B3FA7-8F38-41BA-AE49-C16E94609E8D}.Debug|Any CPU.ActiveCfg = Debug|Any CPU
		{DF7B3FA7-8F38-41BA-AE49-C16E94609E8D}.Debug|Any CPU.Build.0 = Debug|Any CPU
		{DF7B3FA7-8F38-41BA-AE49-C16E94609E8D}.Debug|x64.ActiveCfg = Debug|Any CPU
		{DF7B3FA7-8F38-41BA-AE49-C16E94609E8D}.Debug|x64.Build.0 = Debug|Any CPU
		{DF7B3FA7-8F38-41BA-AE49-C16E94609E8D}.Debug|x86.ActiveCfg = Debug|Any CPU
		{DF7B3FA7-8F38-41BA-AE49-C16E94609E8D}.Debug|x86.Build.0 = Debug|Any CPU
		{DF7B3FA7-8F38-41BA-AE49-C16E94609E8D}.Release|Any CPU.ActiveCfg = Release|Any CPU
		{DF7B3FA7-8F38-41BA-AE49-C16E94609E8D}.Release|Any CPU.Build.0 = Release|Any CPU
		{DF7B3FA7-8F38-41BA-AE49-C16E94609E8D}.Release|x64.ActiveCfg = Release|Any CPU
		{DF7B3FA7-8F38-41BA-AE49-C16E94609E8D}.Release|x64.Build.0 = Release|Any CPU
		{DF7B3FA7-8F38-41BA-AE49-C16E94609E8D}.Release|x86.ActiveCfg = Release|Any CPU
		{DF7B3FA7-8F38-41BA-AE49-C16E94609E8D}.Release|x86.Build.0 = Release|Any CPU
		{A5F0EE49-1509-43AD-A39A-9DDFF85AD32D}.Debug|Any CPU.ActiveCfg = Debug|Any CPU
		{A5F0EE49-1509-43AD-A39A-9DDFF85AD32D}.Debug|Any CPU.Build.0 = Debug|Any CPU
		{A5F0EE49-1509-43AD-A39A-9DDFF85AD32D}.Debug|x64.ActiveCfg = Debug|Any CPU
		{A5F0EE49-1509-43AD-A39A-9DDFF85AD32D}.Debug|x64.Build.0 = Debug|Any CPU
		{A5F0EE49-1509-43AD-A39A-9DDFF85AD32D}.Debug|x86.ActiveCfg = Debug|Any CPU
		{A5F0EE49-1509-43AD-A39A-9DDFF85AD32D}.Debug|x86.Build.0 = Debug|Any CPU
		{A5F0EE49-1509-43AD-A39A-9DDFF85AD32D}.Release|Any CPU.ActiveCfg = Release|Any CPU
		{A5F0EE49-1509-43AD-A39A-9DDFF85AD32D}.Release|Any CPU.Build.0 = Release|Any CPU
		{A5F0EE49-1509-43AD-A39A-9DDFF85AD32D}.Release|x64.ActiveCfg = Release|Any CPU
		{A5F0EE49-1509-43AD-A39A-9DDFF85AD32D}.Release|x64.Build.0 = Release|Any CPU
		{A5F0EE49-1509-43AD-A39A-9DDFF85AD32D}.Release|x86.ActiveCfg = Release|Any CPU
		{A5F0EE49-1509-43AD-A39A-9DDFF85AD32D}.Release|x86.Build.0 = Release|Any CPU
		{C52DE4C8-6A8B-4918-AA55-E2A0B570386B}.Debug|Any CPU.ActiveCfg = Debug|Any CPU
		{C52DE4C8-6A8B-4918-AA55-E2A0B570386B}.Debug|Any CPU.Build.0 = Debug|Any CPU
		{C52DE4C8-6A8B-4918-AA55-E2A0B570386B}.Debug|x64.ActiveCfg = Debug|Any CPU
		{C52DE4C8-6A8B-4918-AA55-E2A0B570386B}.Debug|x64.Build.0 = Debug|Any CPU
		{C52DE4C8-6A8B-4918-AA55-E2A0B570386B}.Debug|x86.ActiveCfg = Debug|Any CPU
		{C52DE4C8-6A8B-4918-AA55-E2A0B570386B}.Debug|x86.Build.0 = Debug|Any CPU
		{C52DE4C8-6A8B-4918-AA55-E2A0B570386B}.Release|Any CPU.ActiveCfg = Release|Any CPU
		{C52DE4C8-6A8B-4918-AA55-E2A0B570386B}.Release|Any CPU.Build.0 = Release|Any CPU
		{C52DE4C8-6A8B-4918-AA55-E2A0B570386B}.Release|x64.ActiveCfg = Release|Any CPU
		{C52DE4C8-6A8B-4918-AA55-E2A0B570386B}.Release|x64.Build.0 = Release|Any CPU
		{C52DE4C8-6A8B-4918-AA55-E2A0B570386B}.Release|x86.ActiveCfg = Release|Any CPU
		{C52DE4C8-6A8B-4918-AA55-E2A0B570386B}.Release|x86.Build.0 = Release|Any CPU
		{50D577A2-DC9A-433A-86F1-7D5DC0189DA0}.Debug|Any CPU.ActiveCfg = Debug|Any CPU
		{50D577A2-DC9A-433A-86F1-7D5DC0189DA0}.Debug|Any CPU.Build.0 = Debug|Any CPU
		{50D577A2-DC9A-433A-86F1-7D5DC0189DA0}.Debug|x64.ActiveCfg = Debug|Any CPU
		{50D577A2-DC9A-433A-86F1-7D5DC0189DA0}.Debug|x64.Build.0 = Debug|Any CPU
		{50D577A2-DC9A-433A-86F1-7D5DC0189DA0}.Debug|x86.ActiveCfg = Debug|Any CPU
		{50D577A2-DC9A-433A-86F1-7D5DC0189DA0}.Debug|x86.Build.0 = Debug|Any CPU
		{50D577A2-DC9A-433A-86F1-7D5DC0189DA0}.Release|Any CPU.ActiveCfg = Release|Any CPU
		{50D577A2-DC9A-433A-86F1-7D5DC0189DA0}.Release|Any CPU.Build.0 = Release|Any CPU
		{50D577A2-DC9A-433A-86F1-7D5DC0189DA0}.Release|x64.ActiveCfg = Release|Any CPU
		{50D577A2-DC9A-433A-86F1-7D5DC0189DA0}.Release|x64.Build.0 = Release|Any CPU
		{50D577A2-DC9A-433A-86F1-7D5DC0189DA0}.Release|x86.ActiveCfg = Release|Any CPU
		{50D577A2-DC9A-433A-86F1-7D5DC0189DA0}.Release|x86.Build.0 = Release|Any CPU
		{39B63DAC-217E-4EA0-A768-8D199B5E03BA}.Debug|Any CPU.ActiveCfg = Debug|Any CPU
		{39B63DAC-217E-4EA0-A768-8D199B5E03BA}.Debug|Any CPU.Build.0 = Debug|Any CPU
		{39B63DAC-217E-4EA0-A768-8D199B5E03BA}.Debug|x64.ActiveCfg = Debug|Any CPU
		{39B63DAC-217E-4EA0-A768-8D199B5E03BA}.Debug|x64.Build.0 = Debug|Any CPU
		{39B63DAC-217E-4EA0-A768-8D199B5E03BA}.Debug|x86.ActiveCfg = Debug|Any CPU
		{39B63DAC-217E-4EA0-A768-8D199B5E03BA}.Debug|x86.Build.0 = Debug|Any CPU
		{39B63DAC-217E-4EA0-A768-8D199B5E03BA}.Release|Any CPU.ActiveCfg = Release|Any CPU
		{39B63DAC-217E-4EA0-A768-8D199B5E03BA}.Release|Any CPU.Build.0 = Release|Any CPU
		{39B63DAC-217E-4EA0-A768-8D199B5E03BA}.Release|x64.ActiveCfg = Release|Any CPU
		{39B63DAC-217E-4EA0-A768-8D199B5E03BA}.Release|x64.Build.0 = Release|Any CPU
		{39B63DAC-217E-4EA0-A768-8D199B5E03BA}.Release|x86.ActiveCfg = Release|Any CPU
		{39B63DAC-217E-4EA0-A768-8D199B5E03BA}.Release|x86.Build.0 = Release|Any CPU
		{D586D016-B802-4E04-AF06-D5AC9FCFF12B}.Debug|Any CPU.ActiveCfg = Debug|Any CPU
		{D586D016-B802-4E04-AF06-D5AC9FCFF12B}.Debug|Any CPU.Build.0 = Debug|Any CPU
		{D586D016-B802-4E04-AF06-D5AC9FCFF12B}.Debug|x64.ActiveCfg = Debug|Any CPU
		{D586D016-B802-4E04-AF06-D5AC9FCFF12B}.Debug|x64.Build.0 = Debug|Any CPU
		{D586D016-B802-4E04-AF06-D5AC9FCFF12B}.Debug|x86.ActiveCfg = Debug|Any CPU
		{D586D016-B802-4E04-AF06-D5AC9FCFF12B}.Debug|x86.Build.0 = Debug|Any CPU
		{D586D016-B802-4E04-AF06-D5AC9FCFF12B}.Release|Any CPU.ActiveCfg = Release|Any CPU
		{D586D016-B802-4E04-AF06-D5AC9FCFF12B}.Release|Any CPU.Build.0 = Release|Any CPU
		{D586D016-B802-4E04-AF06-D5AC9FCFF12B}.Release|x64.ActiveCfg = Release|Any CPU
		{D586D016-B802-4E04-AF06-D5AC9FCFF12B}.Release|x64.Build.0 = Release|Any CPU
		{D586D016-B802-4E04-AF06-D5AC9FCFF12B}.Release|x86.ActiveCfg = Release|Any CPU
		{D586D016-B802-4E04-AF06-D5AC9FCFF12B}.Release|x86.Build.0 = Release|Any CPU
		{948359F5-3CCC-4FF8-BAE1-1D04EC67FAF9}.Debug|Any CPU.ActiveCfg = Debug|Any CPU
		{948359F5-3CCC-4FF8-BAE1-1D04EC67FAF9}.Debug|Any CPU.Build.0 = Debug|Any CPU
		{948359F5-3CCC-4FF8-BAE1-1D04EC67FAF9}.Debug|x64.ActiveCfg = Debug|Any CPU
		{948359F5-3CCC-4FF8-BAE1-1D04EC67FAF9}.Debug|x64.Build.0 = Debug|Any CPU
		{948359F5-3CCC-4FF8-BAE1-1D04EC67FAF9}.Debug|x86.ActiveCfg = Debug|Any CPU
		{948359F5-3CCC-4FF8-BAE1-1D04EC67FAF9}.Debug|x86.Build.0 = Debug|Any CPU
		{948359F5-3CCC-4FF8-BAE1-1D04EC67FAF9}.Release|Any CPU.ActiveCfg = Release|Any CPU
		{948359F5-3CCC-4FF8-BAE1-1D04EC67FAF9}.Release|Any CPU.Build.0 = Release|Any CPU
		{948359F5-3CCC-4FF8-BAE1-1D04EC67FAF9}.Release|x64.ActiveCfg = Release|Any CPU
		{948359F5-3CCC-4FF8-BAE1-1D04EC67FAF9}.Release|x64.Build.0 = Release|Any CPU
		{948359F5-3CCC-4FF8-BAE1-1D04EC67FAF9}.Release|x86.ActiveCfg = Release|Any CPU
		{948359F5-3CCC-4FF8-BAE1-1D04EC67FAF9}.Release|x86.Build.0 = Release|Any CPU
		{425156DE-9FBE-475D-818D-E17EE8B394D3}.Debug|Any CPU.ActiveCfg = Debug|Any CPU
		{425156DE-9FBE-475D-818D-E17EE8B394D3}.Debug|Any CPU.Build.0 = Debug|Any CPU
		{425156DE-9FBE-475D-818D-E17EE8B394D3}.Debug|x64.ActiveCfg = Debug|Any CPU
		{425156DE-9FBE-475D-818D-E17EE8B394D3}.Debug|x64.Build.0 = Debug|Any CPU
		{425156DE-9FBE-475D-818D-E17EE8B394D3}.Debug|x86.ActiveCfg = Debug|Any CPU
		{425156DE-9FBE-475D-818D-E17EE8B394D3}.Debug|x86.Build.0 = Debug|Any CPU
		{425156DE-9FBE-475D-818D-E17EE8B394D3}.Release|Any CPU.ActiveCfg = Release|Any CPU
		{425156DE-9FBE-475D-818D-E17EE8B394D3}.Release|Any CPU.Build.0 = Release|Any CPU
		{425156DE-9FBE-475D-818D-E17EE8B394D3}.Release|x64.ActiveCfg = Release|Any CPU
		{425156DE-9FBE-475D-818D-E17EE8B394D3}.Release|x64.Build.0 = Release|Any CPU
		{425156DE-9FBE-475D-818D-E17EE8B394D3}.Release|x86.ActiveCfg = Release|Any CPU
		{425156DE-9FBE-475D-818D-E17EE8B394D3}.Release|x86.Build.0 = Release|Any CPU
	EndGlobalSection
	GlobalSection(SolutionProperties) = preSolution
		HideSolutionNode = FALSE
	EndGlobalSection
	GlobalSection(NestedProjects) = preSolution
		{A1B2C3D4-E5F6-7890-ABCD-EF1234567891} = {2C854FF8-EFCF-4411-AD4B-2803A3DA97CD}
		{295DC3C5-0CCB-4E90-AB85-ED7EFC78F000} = {827E0CD3-B72D-47B6-A68D-7590B98EB39B}
		{DF7B3FA7-8F38-41BA-AE49-C16E94609E8D} = {827E0CD3-B72D-47B6-A68D-7590B98EB39B}
		{A5F0EE49-1509-43AD-A39A-9DDFF85AD32D} = {827E0CD3-B72D-47B6-A68D-7590B98EB39B}
		{C52DE4C8-6A8B-4918-AA55-E2A0B570386B} = {827E0CD3-B72D-47B6-A68D-7590B98EB39B}
		{50D577A2-DC9A-433A-86F1-7D5DC0189DA0} = {827E0CD3-B72D-47B6-A68D-7590B98EB39B}
		{39B63DAC-217E-4EA0-A768-8D199B5E03BA} = {827E0CD3-B72D-47B6-A68D-7590B98EB39B}
		{D586D016-B802-4E04-AF06-D5AC9FCFF12B} = {827E0CD3-B72D-47B6-A68D-7590B98EB39B}
		{948359F5-3CCC-4FF8-BAE1-1D04EC67FAF9} = {0AB3BF05-4346-4AA6-1389-037BE0695223}
		{425156DE-9FBE-475D-818D-E17EE8B394D3} = {0AB3BF05-4346-4AA6-1389-037BE0695223}
	EndGlobalSection
	GlobalSection(ExtensibilityGlobals) = postSolution
		SolutionGuid = {7744BF05-5E74-4C43-9E1E-77E3526F7AC8}
	EndGlobalSection
EndGlobal
