Microsoft Visual Studio Solution File, Format Version 12.00
# Visual Studio Version 17
VisualStudioVersion = 17.12.0.0
MinimumVisualStudioVersion = 10.0.40219.1
Project("{2150E333-8FDC-42A3-9474-1A3956D46DE8}") = "src", "src", "{11111111-1111-1111-1111-111111111111}"
EndProject
Project("{2150E333-8FDC-42A3-9474-1A3956D46DE8}") = "tests", "tests", "{22222222-2222-2222-2222-222222222222}"
EndProject
Project("{2150E333-8FDC-42A3-9474-1A3956D46DE8}") = "Presentation", "Presentation", "{33333333-3333-3333-3333-333333333333}"
EndProject
Project("{2150E333-8FDC-42A3-9474-1A3956D46DE8}") = "Interface", "Interface", "{44444444-4444-4444-4444-444444444444}"
EndProject
Project("{2150E333-8FDC-42A3-9474-1A3956D46DE8}") = "Application", "Application", "{55555555-5555-5555-5555-555555555555}"
EndProject
Project("{2150E333-8FDC-42A3-9474-1A3956D46DE8}") = "DataAccess", "DataAccess", "{66666666-6666-6666-6666-666666666666}"
EndProject
Project("{2150E333-8FDC-42A3-9474-1A3956D46DE8}") = "Domain", "Domain", "{77777777-7777-7777-7777-777777777777}"
EndProject
Project("{2150E333-8FDC-42A3-9474-1A3956D46DE8}") = "Infrastructure", "Infrastructure", "{88888888-8888-8888-8888-888888888888}"
EndProject
Project("{2150E333-8FDC-42A3-9474-1A3956D46DE8}") = "Integrations", "Integrations", "{99999999-9999-9999-9999-999999999999}"
EndProject
Project("{2150E333-8FDC-42A3-9474-1A3956D46DE8}") = "Database", "Database", "{AAAAAAAA-AAAA-AAAA-AAAA-AAAAAAAAAAAA}"
EndProject
Project("{9A19103F-16F7-4668-BE54-9A1E7A4F7556}") = "FestGuide.Presentation.Maui", "src\Presentation\FestGuide.Presentation.Maui\FestGuide.Presentation.Maui.csproj", "{10000001-0000-0000-0000-000000000001}"
EndProject
Project("{9A19103F-16F7-4668-BE54-9A1E7A4F7556}") = "FestGuide.Api", "src\Interface\FestGuide.Api\FestGuide.Api.csproj", "{10000002-0000-0000-0000-000000000002}"
EndProject
Project("{9A19103F-16F7-4668-BE54-9A1E7A4F7556}") = "FestGuide.Application", "src\Application\FestGuide.Application\FestGuide.Application.csproj", "{10000003-0000-0000-0000-000000000003}"
EndProject
Project("{9A19103F-16F7-4668-BE54-9A1E7A4F7556}") = "FestGuide.DataAccess", "src\DataAccess\FestGuide.DataAccess\FestGuide.DataAccess.csproj", "{10000004-0000-0000-0000-000000000004}"
EndProject
Project("{9A19103F-16F7-4668-BE54-9A1E7A4F7556}") = "FestGuide.DataAccess.Abstractions", "src\DataAccess\FestGuide.DataAccess.Abstractions\FestGuide.DataAccess.Abstractions.csproj", "{10000005-0000-0000-0000-000000000005}"
EndProject
Project("{9A19103F-16F7-4668-BE54-9A1E7A4F7556}") = "FestGuide.Domain", "src\Domain\FestGuide.Domain\FestGuide.Domain.csproj", "{10000006-0000-0000-0000-000000000006}"
EndProject
Project("{9A19103F-16F7-4668-BE54-9A1E7A4F7556}") = "FestGuide.Infrastructure", "src\Infrastructure\FestGuide.Infrastructure\FestGuide.Infrastructure.csproj", "{10000007-0000-0000-0000-000000000007}"
EndProject
Project("{9A19103F-16F7-4668-BE54-9A1E7A4F7556}") = "FestGuide.Security", "src\Infrastructure\FestGuide.Security\FestGuide.Security.csproj", "{10000008-0000-0000-0000-000000000008}"
EndProject
Project("{9A19103F-16F7-4668-BE54-9A1E7A4F7556}") = "FestGuide.Integrations", "src\Integrations\FestGuide.Integrations\FestGuide.Integrations.csproj", "{10000009-0000-0000-0000-000000000009}"
EndProject
Project("{FAE04EC0-301F-11D3-BF4B-00C04F79EFBC}") = "FestGuide.Database", "src\Database\FestGuide.Database\FestGuide.Database.sqlproj", "{1000000A-0000-0000-0000-00000000000A}"
EndProject
Project("{9A19103F-16F7-4668-BE54-9A1E7A4F7556}") = "FestGuide.Api.Tests", "tests\FestGuide.Api.Tests\FestGuide.Api.Tests.csproj", "{2000000B-0000-0000-0000-00000000000B}"
EndProject
Project("{9A19103F-16F7-4668-BE54-9A1E7A4F7556}") = "FestGuide.Application.Tests", "tests\FestGuide.Application.Tests\FestGuide.Application.Tests.csproj", "{2000000C-0000-0000-0000-00000000000C}"
EndProject
Project("{9A19103F-16F7-4668-BE54-9A1E7A4F7556}") = "FestGuide.DataAccess.Tests", "tests\FestGuide.DataAccess.Tests\FestGuide.DataAccess.Tests.csproj", "{2000000D-0000-0000-0000-00000000000D}"
EndProject
Project("{9A19103F-16F7-4668-BE54-9A1E7A4F7556}") = "FestGuide.Integrations.Tests", "tests\FestGuide.Integrations.Tests\FestGuide.Integrations.Tests.csproj", "{2000000E-0000-0000-0000-00000000000E}"
EndProject
Project("{9A19103F-16F7-4668-BE54-9A1E7A4F7556}") = "FestGuide.Integration.Tests", "tests\FestGuide.Integration.Tests\FestGuide.Integration.Tests.csproj", "{2000000F-0000-0000-0000-00000000000F}"
EndProject
Global
GlobalSection(SolutionConfigurationPlatforms) = preSolution
Debug|Any CPU = Debug|Any CPU
Release|Any CPU = Release|Any CPU
EndGlobalSection
GlobalSection(ProjectConfigurationPlatforms) = postSolution
{10000001-0000-0000-0000-000000000001}.Debug|Any CPU.ActiveCfg = Debug|Any CPU
{10000001-0000-0000-0000-000000000001}.Debug|Any CPU.Build.0 = Debug|Any CPU
{10000001-0000-0000-0000-000000000001}.Release|Any CPU.ActiveCfg = Release|Any CPU
{10000001-0000-0000-0000-000000000001}.Release|Any CPU.Build.0 = Release|Any CPU
{10000002-0000-0000-0000-000000000002}.Debug|Any CPU.ActiveCfg = Debug|Any CPU
{10000002-0000-0000-0000-000000000002}.Debug|Any CPU.Build.0 = Debug|Any CPU
{10000002-0000-0000-0000-000000000002}.Release|Any CPU.ActiveCfg = Release|Any CPU
{10000002-0000-0000-0000-000000000002}.Release|Any CPU.Build.0 = Release|Any CPU
{10000003-0000-0000-0000-000000000003}.Debug|Any CPU.ActiveCfg = Debug|Any CPU
{10000003-0000-0000-0000-000000000003}.Debug|Any CPU.Build.0 = Debug|Any CPU
{10000003-0000-0000-0000-000000000003}.Release|Any CPU.ActiveCfg = Release|Any CPU
{10000003-0000-0000-0000-000000000003}.Release|Any CPU.Build.0 = Release|Any CPU
{10000004-0000-0000-0000-000000000004}.Debug|Any CPU.ActiveCfg = Debug|Any CPU
{10000004-0000-0000-0000-000000000004}.Debug|Any CPU.Build.0 = Debug|Any CPU
{10000004-0000-0000-0000-000000000004}.Release|Any CPU.ActiveCfg = Release|Any CPU
{10000004-0000-0000-0000-000000000004}.Release|Any CPU.Build.0 = Release|Any CPU
{10000005-0000-0000-0000-000000000005}.Debug|Any CPU.ActiveCfg = Debug|Any CPU
{10000005-0000-0000-0000-000000000005}.Debug|Any CPU.Build.0 = Debug|Any CPU
{10000005-0000-0000-0000-000000000005}.Release|Any CPU.ActiveCfg = Release|Any CPU
{10000005-0000-0000-0000-000000000005}.Release|Any CPU.Build.0 = Release|Any CPU
{10000006-0000-0000-0000-000000000006}.Debug|Any CPU.ActiveCfg = Debug|Any CPU
{10000006-0000-0000-0000-000000000006}.Debug|Any CPU.Build.0 = Debug|Any CPU
{10000006-0000-0000-0000-000000000006}.Release|Any CPU.ActiveCfg = Release|Any CPU
{10000006-0000-0000-0000-000000000006}.Release|Any CPU.Build.0 = Release|Any CPU
{10000007-0000-0000-0000-000000000007}.Debug|Any CPU.ActiveCfg = Debug|Any CPU
{10000007-0000-0000-0000-000000000007}.Debug|Any CPU.Build.0 = Debug|Any CPU
{10000007-0000-0000-0000-000000000007}.Release|Any CPU.ActiveCfg = Release|Any CPU
{10000007-0000-0000-0000-000000000007}.Release|Any CPU.Build.0 = Release|Any CPU
{10000008-0000-0000-0000-000000000008}.Debug|Any CPU.ActiveCfg = Debug|Any CPU
{10000008-0000-0000-0000-000000000008}.Debug|Any CPU.Build.0 = Debug|Any CPU
{10000008-0000-0000-0000-000000000008}.Release|Any CPU.ActiveCfg = Release|Any CPU
{10000008-0000-0000-0000-000000000008}.Release|Any CPU.Build.0 = Release|Any CPU
{10000009-0000-0000-0000-000000000009}.Debug|Any CPU.ActiveCfg = Debug|Any CPU
{10000009-0000-0000-0000-000000000009}.Debug|Any CPU.Build.0 = Debug|Any CPU
{10000009-0000-0000-0000-000000000009}.Release|Any CPU.ActiveCfg = Release|Any CPU
{10000009-0000-0000-0000-000000000009}.Release|Any CPU.Build.0 = Release|Any CPU
{1000000A-0000-0000-0000-00000000000A}.Debug|Any CPU.ActiveCfg = Debug|Any CPU
{1000000A-0000-0000-0000-00000000000A}.Debug|Any CPU.Build.0 = Debug|Any CPU
{1000000A-0000-0000-0000-00000000000A}.Release|Any CPU.ActiveCfg = Release|Any CPU
{1000000A-0000-0000-0000-00000000000A}.Release|Any CPU.Build.0 = Release|Any CPU
{2000000B-0000-0000-0000-00000000000B}.Debug|Any CPU.ActiveCfg = Debug|Any CPU
{2000000B-0000-0000-0000-00000000000B}.Debug|Any CPU.Build.0 = Debug|Any CPU
{2000000B-0000-0000-0000-00000000000B}.Release|Any CPU.ActiveCfg = Release|Any CPU
{2000000B-0000-0000-0000-00000000000B}.Release|Any CPU.Build.0 = Release|Any CPU
{2000000C-0000-0000-0000-00000000000C}.Debug|Any CPU.ActiveCfg = Debug|Any CPU
{2000000C-0000-0000-0000-00000000000C}.Debug|Any CPU.Build.0 = Debug|Any CPU
{2000000C-0000-0000-0000-00000000000C}.Release|Any CPU.ActiveCfg = Release|Any CPU
{2000000C-0000-0000-0000-00000000000C}.Release|Any CPU.Build.0 = Release|Any CPU
{2000000D-0000-0000-0000-00000000000D}.Debug|Any CPU.ActiveCfg = Debug|Any CPU
{2000000D-0000-0000-0000-00000000000D}.Debug|Any CPU.Build.0 = Debug|Any CPU
{2000000D-0000-0000-0000-00000000000D}.Release|Any CPU.ActiveCfg = Release|Any CPU
{2000000D-0000-0000-0000-00000000000D}.Release|Any CPU.Build.0 = Release|Any CPU
{2000000E-0000-0000-0000-00000000000E}.Debug|Any CPU.ActiveCfg = Debug|Any CPU
{2000000E-0000-0000-0000-00000000000E}.Debug|Any CPU.Build.0 = Debug|Any CPU
{2000000E-0000-0000-0000-00000000000E}.Release|Any CPU.ActiveCfg = Release|Any CPU
{2000000E-0000-0000-0000-00000000000E}.Release|Any CPU.Build.0 = Release|Any CPU
{2000000F-0000-0000-0000-00000000000F}.Debug|Any CPU.ActiveCfg = Debug|Any CPU
{2000000F-0000-0000-0000-00000000000F}.Debug|Any CPU.Build.0 = Debug|Any CPU
{2000000F-0000-0000-0000-00000000000F}.Release|Any CPU.ActiveCfg = Release|Any CPU
{2000000F-0000-0000-0000-00000000000F}.Release|Any CPU.Build.0 = Release|Any CPU
EndGlobalSection
GlobalSection(SolutionProperties) = preSolution
HideSolutionNode = FALSE
EndGlobalSection
GlobalSection(NestedProjects) = preSolution
{33333333-3333-3333-3333-333333333333} = {11111111-1111-1111-1111-111111111111}
{44444444-4444-4444-4444-444444444444} = {11111111-1111-1111-1111-111111111111}
{55555555-5555-5555-5555-555555555555} = {11111111-1111-1111-1111-111111111111}
{66666666-6666-6666-6666-666666666666} = {11111111-1111-1111-1111-111111111111}
{77777777-7777-7777-7777-777777777777} = {11111111-1111-1111-1111-111111111111}
{88888888-8888-8888-8888-888888888888} = {11111111-1111-1111-1111-111111111111}
{99999999-9999-9999-9999-999999999999} = {11111111-1111-1111-1111-111111111111}
{AAAAAAAA-AAAA-AAAA-AAAA-AAAAAAAAAAAA} = {11111111-1111-1111-1111-111111111111}
{10000001-0000-0000-0000-000000000001} = {33333333-3333-3333-3333-333333333333}
{10000002-0000-0000-0000-000000000002} = {44444444-4444-4444-4444-444444444444}
{10000003-0000-0000-0000-000000000003} = {55555555-5555-5555-5555-555555555555}
{10000004-0000-0000-0000-000000000004} = {66666666-6666-6666-6666-666666666666}
{10000005-0000-0000-0000-000000000005} = {66666666-6666-6666-6666-666666666666}
{10000006-0000-0000-0000-000000000006} = {77777777-7777-7777-7777-777777777777}
{10000007-0000-0000-0000-000000000007} = {88888888-8888-8888-8888-888888888888}
{10000008-0000-0000-0000-000000000008} = {88888888-8888-8888-8888-888888888888}
{10000009-0000-0000-0000-000000000009} = {99999999-9999-9999-9999-999999999999}
{1000000A-0000-0000-0000-00000000000A} = {AAAAAAAA-AAAA-AAAA-AAAA-AAAAAAAAAAAA}
{2000000B-0000-0000-0000-00000000000B} = {22222222-2222-2222-2222-222222222222}
{2000000C-0000-0000-0000-00000000000C} = {22222222-2222-2222-2222-222222222222}
{2000000D-0000-0000-0000-00000000000D} = {22222222-2222-2222-2222-222222222222}
{2000000E-0000-0000-0000-00000000000E} = {22222222-2222-2222-2222-222222222222}
{2000000F-0000-0000-0000-00000000000F} = {22222222-2222-2222-2222-222222222222}
EndGlobalSection
GlobalSection(ExtensibilityGlobals) = postSolution
SolutionGuid = {BBBBBBBB-BBBB-BBBB-BBBB-BBBBBBBBBBBB}
EndGlobalSection
EndGlobal
